// !$*UTF8*$!
{
	archiveVersion = 1;
	classes = {
	};
	objectVersion = 45;
	objects = {

/* Begin PBXBuildFile section */
		7F13DEC910FF353B0016F837 /* OgreTheoraDataStream.cpp in Sources */ = {isa = PBXBuildFile; fileRef = 7F13DEC610FF353B0016F837 /* OgreTheoraDataStream.cpp */; };
		7F13DECA10FF353B0016F837 /* OgreVideoDLLmain.cpp in Sources */ = {isa = PBXBuildFile; fileRef = 7F13DEC710FF353B0016F837 /* OgreVideoDLLmain.cpp */; };
		7F13DECB10FF353B0016F837 /* OgreVideoManager.cpp in Sources */ = {isa = PBXBuildFile; fileRef = 7F13DEC810FF353B0016F837 /* OgreVideoManager.cpp */; };
		7F13DED310FF35A20016F837 /* libtheoraplayer.dylib in Frameworks */ = {isa = PBXBuildFile; fileRef = 7F13DED210FF35A20016F837 /* libtheoraplayer.dylib */; };
		D1920CB510A969AC00234D34 /* Ogre.framework in Frameworks */ = {isa = PBXBuildFile; fileRef = D1920CB410A969AC00234D34 /* Ogre.framework */; };
/* End PBXBuildFile section */

/* Begin PBXFileReference section */
		508817D409F0C9AD0071BF1A /* Plugin_TheoraVideoSystem.bundle */ = {isa = PBXFileReference; explicitFileType = wrapper.cfbundle; includeInIndex = 0; path = Plugin_TheoraVideoSystem.bundle; sourceTree = BUILT_PRODUCTS_DIR; };
		508817D609F0C9AD0071BF1A /* TheoraVideoSystem-Info.plist */ = {isa = PBXFileReference; explicitFileType = text.plist.xml; path = "TheoraVideoSystem-Info.plist"; sourceTree = "<group>"; };
		508817E609F0CA040071BF1A /* TheoraVideoPluginProj.xcconfig */ = {isa = PBXFileReference; fileEncoding = 30; lastKnownFileType = text.xcconfig; path = TheoraVideoPluginProj.xcconfig; sourceTree = "<group>"; };
		508817E709F0CA040071BF1A /* TheoraVideoPluginTarget.xcconfig */ = {isa = PBXFileReference; fileEncoding = 30; lastKnownFileType = text.xcconfig; path = TheoraVideoPluginTarget.xcconfig; sourceTree = "<group>"; };
		7F13DEC610FF353B0016F837 /* OgreTheoraDataStream.cpp */ = {isa = PBXFileReference; fileEncoding = 4; lastKnownFileType = sourcecode.cpp.cpp; name = OgreTheoraDataStream.cpp; path = src/OgreTheoraDataStream.cpp; sourceTree = "<group>"; };
		7F13DEC710FF353B0016F837 /* OgreVideoDLLmain.cpp */ = {isa = PBXFileReference; fileEncoding = 4; lastKnownFileType = sourcecode.cpp.cpp; name = OgreVideoDLLmain.cpp; path = src/OgreVideoDLLmain.cpp; sourceTree = "<group>"; };
		7F13DEC810FF353B0016F837 /* OgreVideoManager.cpp */ = {isa = PBXFileReference; fileEncoding = 4; lastKnownFileType = sourcecode.cpp.cpp; name = OgreVideoManager.cpp; path = src/OgreVideoManager.cpp; sourceTree = "<group>"; };
		7F13DECC10FF357E0016F837 /* OgreTheoraDataStream.h */ = {isa = PBXFileReference; fileEncoding = 4; lastKnownFileType = sourcecode.c.h; name = OgreTheoraDataStream.h; path = include/OgreTheoraDataStream.h; sourceTree = "<group>"; };
		7F13DECD10FF357E0016F837 /* OgreVideoExport.h */ = {isa = PBXFileReference; fileEncoding = 4; lastKnownFileType = sourcecode.c.h; name = OgreVideoExport.h; path = include/OgreVideoExport.h; sourceTree = "<group>"; };
		7F13DECE10FF357E0016F837 /* OgreVideoManager.h */ = {isa = PBXFileReference; fileEncoding = 4; lastKnownFileType = sourcecode.c.h; name = OgreVideoManager.h; path = include/OgreVideoManager.h; sourceTree = "<group>"; };
		7F13DED210FF35A20016F837 /* libtheoraplayer.dylib */ = {isa = PBXFileReference; lastKnownFileType = "compiled.mach-o.dylib"; name = libtheoraplayer.dylib; path = /usr/local/lib/libtheoraplayer.dylib; sourceTree = "<absolute>"; };
		D1920CB410A969AC00234D34 /* Ogre.framework */ = {isa = PBXFileReference; lastKnownFileType = wrapper.framework; name = Ogre.framework; path = /Library/Frameworks/Ogre.framework; sourceTree = "<absolute>"; };
/* End PBXFileReference section */

/* Begin PBXFrameworksBuildPhase section */
		508817D209F0C9AD0071BF1A /* Frameworks */ = {
			isa = PBXFrameworksBuildPhase;
			buildActionMask = 2147483647;
			files = (
				D1920CB510A969AC00234D34 /* Ogre.framework in Frameworks */,
				7F13DED310FF35A20016F837 /* libtheoraplayer.dylib in Frameworks */,
			);
			runOnlyForDeploymentPostprocessing = 0;
		};
/* End PBXFrameworksBuildPhase section */

/* Begin PBXGroup section */
		508817C209F0C9740071BF1A = {
			isa = PBXGroup;
			children = (
				7F13DED210FF35A20016F837 /* libtheoraplayer.dylib */,
				D1920CB410A969AC00234D34 /* Ogre.framework */,
				7F9D5B1D103D540E008598D4 /* Headers */,
				508817E509F0C9EF0071BF1A /* Configuration Files */,
				508817D609F0C9AD0071BF1A /* TheoraVideoSystem-Info.plist */,
				508817F509F0CAB50071BF1A /* Sources */,
				5088180609F0CDD00071BF1A /* External Frameworks and Libraries */,
				508817D509F0C9AD0071BF1A /* Products */,
			);
			sourceTree = "<group>";
		};
		508817D509F0C9AD0071BF1A /* Products */ = {
			isa = PBXGroup;
			children = (
				508817D409F0C9AD0071BF1A /* Plugin_TheoraVideoSystem.bundle */,
			);
			name = Products;
			sourceTree = "<group>";
		};
		508817E509F0C9EF0071BF1A /* Configuration Files */ = {
			isa = PBXGroup;
			children = (
				508817E609F0CA040071BF1A /* TheoraVideoPluginProj.xcconfig */,
				508817E709F0CA040071BF1A /* TheoraVideoPluginTarget.xcconfig */,
			);
			name = "Configuration Files";
			sourceTree = "<group>";
		};
		508817F509F0CAB50071BF1A /* Sources */ = {
			isa = PBXGroup;
			children = (
				7F13DEC610FF353B0016F837 /* OgreTheoraDataStream.cpp */,
				7F13DEC710FF353B0016F837 /* OgreVideoDLLmain.cpp */,
				7F13DEC810FF353B0016F837 /* OgreVideoManager.cpp */,
			);
			name = Sources;
			sourceTree = "<group>";
		};
		5088180609F0CDD00071BF1A /* External Frameworks and Libraries */ = {
			isa = PBXGroup;
			children = (
			);
			name = "External Frameworks and Libraries";
			sourceTree = "<group>";
		};
		7F9D5B1D103D540E008598D4 /* Headers */ = {
			isa = PBXGroup;
			children = (
				7F13DECC10FF357E0016F837 /* OgreTheoraDataStream.h */,
				7F13DECD10FF357E0016F837 /* OgreVideoExport.h */,
				7F13DECE10FF357E0016F837 /* OgreVideoManager.h */,
			);
			name = Headers;
			sourceTree = "<group>";
		};
/* End PBXGroup section */

/* Begin PBXNativeTarget section */
		508817D309F0C9AD0071BF1A /* TheoraVideoSystem */ = {
			isa = PBXNativeTarget;
			buildConfigurationList = 508817D709F0C9AE0071BF1A /* Build configuration list for PBXNativeTarget "TheoraVideoSystem" */;
			buildPhases = (
				508817D009F0C9AD0071BF1A /* Resources */,
				508817D109F0C9AD0071BF1A /* Sources */,
				508817D209F0C9AD0071BF1A /* Frameworks */,
				D1F1C67E10AAE39A00A53B2B /* ShellScript */,
			);
			buildRules = (
			);
			dependencies = (
			);
			name = TheoraVideoSystem;
			productName = TheoraVideoPlugin;
			productReference = 508817D409F0C9AD0071BF1A /* Plugin_TheoraVideoSystem.bundle */;
			productType = "com.apple.product-type.bundle";
		};
/* End PBXNativeTarget section */

/* Begin PBXProject section */
		508817C409F0C9740071BF1A /* Project object */ = {
			isa = PBXProject;
			buildConfigurationList = 508817C509F0C9740071BF1A /* Build configuration list for PBXProject "TheoraVideoPlugin" */;
			compatibilityVersion = "Xcode 3.1";
			hasScannedForEncodings = 0;
			mainGroup = 508817C209F0C9740071BF1A;
			productRefGroup = 508817D509F0C9AD0071BF1A /* Products */;
			projectDirPath = "";
			projectRoot = "";
			targets = (
				508817D309F0C9AD0071BF1A /* TheoraVideoSystem */,
			);
		};
/* End PBXProject section */

/* Begin PBXResourcesBuildPhase section */
		508817D009F0C9AD0071BF1A /* Resources */ = {
			isa = PBXResourcesBuildPhase;
			buildActionMask = 2147483647;
			files = (
			);
			runOnlyForDeploymentPostprocessing = 0;
		};
/* End PBXResourcesBuildPhase section */

/* Begin PBXShellScriptBuildPhase section */
		D1F1C67E10AAE39A00A53B2B /* ShellScript */ = {
			isa = PBXShellScriptBuildPhase;
			buildActionMask = 2147483647;
			files = (
			);
			inputPaths = (
			);
			outputPaths = (
			);
			runOnlyForDeploymentPostprocessing = 0;
			shellPath = /bin/sh;
			shellScript = "install_name_tool -change /usr/local/lib/libtheora.0.dylib @executable_path/../Frameworks/libtheora.0.dylib $CONFIGURATION_BUILD_DIR/$EXECUTABLE_PATH\ninstall_name_tool -change /usr/local/lib/libogg.0.dylib @executable_path/../Frameworks/libogg.0.dylib $CONFIGURATION_BUILD_DIR/$EXECUTABLE_PATH\ninstall_name_tool -change /usr/local/lib/libvorbis.0.dylib @executable_path/../Frameworks/libvorbis.0.dylib $CONFIGURATION_BUILD_DIR/$EXECUTABLE_PATH\ninstall_name_tool -change /usr/local/lib/libtheoraplayer.0.dylib @executable_path/../Frameworks/libtheoraplayer.0.dylib $CONFIGURATION_BUILD_DIR/$EXECUTABLE_PATH\n";
		};
/* End PBXShellScriptBuildPhase section */

/* Begin PBXSourcesBuildPhase section */
		508817D109F0C9AD0071BF1A /* Sources */ = {
			isa = PBXSourcesBuildPhase;
			buildActionMask = 2147483647;
			files = (
				7F13DEC910FF353B0016F837 /* OgreTheoraDataStream.cpp in Sources */,
				7F13DECA10FF353B0016F837 /* OgreVideoDLLmain.cpp in Sources */,
				7F13DECB10FF353B0016F837 /* OgreVideoManager.cpp in Sources */,
			);
			runOnlyForDeploymentPostprocessing = 0;
		};
/* End PBXSourcesBuildPhase section */

/* Begin XCBuildConfiguration section */
		508817C609F0C9740071BF1A /* Debug */ = {
			isa = XCBuildConfiguration;
			baseConfigurationReference = 508817E609F0CA040071BF1A /* TheoraVideoPluginProj.xcconfig */;
			buildSettings = {
				ARCHS = "$(ARCHS_STANDARD_32_BIT)";
				GCC_C_LANGUAGE_STANDARD = c99;
				GCC_OPTIMIZATION_LEVEL = 0;
				GCC_VERSION = 4.0;
				GCC_WARN_ABOUT_RETURN_TYPE = YES;
				GCC_WARN_UNUSED_VARIABLE = YES;
				ONLY_ACTIVE_ARCH = YES;
				OTHER_CFLAGS = (
					"-I/usr/include",
					"-I/usr/local/include",
				);
				PREBINDING = NO;
				SDKROOT = macosx10.4;
			};
			name = Debug;
		};
		508817C709F0C9740071BF1A /* Release */ = {
			isa = XCBuildConfiguration;
			baseConfigurationReference = 508817E609F0CA040071BF1A /* TheoraVideoPluginProj.xcconfig */;
			buildSettings = {
				ARCHS = "$(ARCHS_STANDARD_32_BIT)";
				GCC_C_LANGUAGE_STANDARD = c99;
				GCC_VERSION = 4.0;
				GCC_WARN_ABOUT_RETURN_TYPE = YES;
				GCC_WARN_UNUSED_VARIABLE = YES;
				PREBINDING = NO;
				SDKROOT = macosx10.4;
			};
			name = Release;
		};
		508817D809F0C9AE0071BF1A /* Debug */ = {
			isa = XCBuildConfiguration;
			baseConfigurationReference = 508817E709F0CA040071BF1A /* TheoraVideoPluginTarget.xcconfig */;
			buildSettings = {
				ALWAYS_SEARCH_USER_PATHS = YES;
				COPY_PHASE_STRIP = NO;
				FRAMEWORK_SEARCH_PATHS = (
					"$(inherited)",
					/Users/ivucica/Developer/ogre/Mac/build/Release,
				);
				GCC_DYNAMIC_NO_PIC = NO;
				GCC_ENABLE_FIX_AND_CONTINUE = YES;
				GCC_INCREASE_PRECOMPILED_HEADER_SHARING = NO;
				GCC_MODEL_TUNING = G5;
				GCC_OPTIMIZATION_LEVEL = 0;
				GCC_PRECOMPILE_PREFIX_HEADER = NO;
				GCC_PREFIX_HEADER = "";
				GCC_PREPROCESSOR_DEFINITIONS = OGRE_MAC_FRAMEWORK;
				GCC_SYMBOLS_PRIVATE_EXTERN = NO;
				GCC_USE_INDIRECT_FUNCTION_CALLS = NO;
				GCC_WARN_ABOUT_RETURN_TYPE = YES;
				INFOPLIST_FILE = "TheoraVideoSystem-Info.plist";
				LIBRARY_SEARCH_PATHS = (
					"$(inherited)",
					"\"$(SRCROOT)\"",
				);
				MACH_O_TYPE = mh_bundle;
				OTHER_CFLAGS = (
					"-I/usr/include",
					"-I/usr/local/include",
				);
				OTHER_LDFLAGS = (
					/usr/lib/libptypes.a,
					"-L/usr/lib",
					"-logg",
					"-ltheora",
					"-lvorbis",
				);
				PRODUCT_NAME = Plugin_TheoraVideoSystem;
				STANDARD_C_PLUS_PLUS_LIBRARY_TYPE = dynamic;
				ZERO_LINK = NO;
			};
			name = Debug;
		};
		508817D909F0C9AE0071BF1A /* Release */ = {
			isa = XCBuildConfiguration;
			baseConfigurationReference = 508817E709F0CA040071BF1A /* TheoraVideoPluginTarget.xcconfig */;
			buildSettings = {
				ALWAYS_SEARCH_USER_PATHS = YES;
				ARCHS = "$(ARCHS_STANDARD_32_BIT)";
				DEBUG_INFORMATION_FORMAT = "dwarf-with-dsym";
				FRAMEWORK_SEARCH_PATHS = (
					"$(inherited)",
					/Users/ivucica/Developer/ogre/Mac/build/Release,
				);
				GCC_INCREASE_PRECOMPILED_HEADER_SHARING = NO;
				GCC_MODEL_TUNING = G5;
				GCC_PRECOMPILE_PREFIX_HEADER = NO;
				GCC_PREFIX_HEADER = "";
				GCC_PREPROCESSOR_DEFINITIONS = OGRE_MAC_FRAMEWORK;
				GCC_SYMBOLS_PRIVATE_EXTERN = NO;
				GCC_WARN_ABOUT_RETURN_TYPE = YES;
				INFOPLIST_FILE = "TheoraVideoSystem-Info.plist";
				LIBRARY_SEARCH_PATHS = (
					"$(inherited)",
					"\"$(SRCROOT)\"",
				);
				MACH_O_TYPE = mh_bundle;
				OTHER_CFLAGS = (
					"-I/usr/include",
					"-I/usr/local/include",
				);
				OTHER_LDFLAGS = (
					/usr/lib/libptypes.a,
					"-L/usr/lib",
					"-logg",
					"-ltheora",
					"-lvorbis",
				);
				PRODUCT_NAME = Plugin_TheoraVideoSystem;
				STANDARD_C_PLUS_PLUS_LIBRARY_TYPE = dynamic;
				STRIP_INSTALLED_PRODUCT = YES;
				STRIP_STYLE = "non-global";
			};
			name = Release;
		};
/* End XCBuildConfiguration section */

/* Begin XCConfigurationList section */
		508817C509F0C9740071BF1A /* Build configuration list for PBXProject "TheoraVideoPlugin" */ = {
			isa = XCConfigurationList;
			buildConfigurations = (
				508817C609F0C9740071BF1A /* Debug */,
				508817C709F0C9740071BF1A /* Release */,
			);
			defaultConfigurationIsVisible = 0;
			defaultConfigurationName = Release;
		};
		508817D709F0C9AE0071BF1A /* Build configuration list for PBXNativeTarget "TheoraVideoSystem" */ = {
			isa = XCConfigurationList;
			buildConfigurations = (
				508817D809F0C9AE0071BF1A /* Debug */,
				508817D909F0C9AE0071BF1A /* Release */,
			);
			defaultConfigurationIsVisible = 0;
			defaultConfigurationName = Release;
		};
/* End XCConfigurationList section */
	};
	rootObject = 508817C409F0C9740071BF1A /* Project object */;
}
