Microsoft Visual Studio Solution File, Format Version 8.00
Project("{8BC9CEB8-8B4A-11D0-8D11-00A0C91BC942}") = "PTypes_DLL", "PTypes_DLL.vcproj", "{62326830-C025-4E9A-8A52-A785535F6572}"
	ProjectSection(ProjectDependencies) = postProject
	EndProjectSection
EndProject
Project("{8BC9CEB8-8B4A-11D0-8D11-00A0C91BC942}") = "PTypes_Lib", "PTypes_Lib.vcproj", "{4D696EC1-675A-47D8-A8B1-8C089A025E17}"
	ProjectSection(ProjectDependencies) = postProject
	EndProjectSection
EndProject
Project("{8BC9CEB8-8B4A-11D0-8D11-00A0C91BC942}") = "PTypes_Lib_ST", "PTypes_Lib_ST.vcproj", "{2236D676-0E09-4BD9-B7D8-934237ADE0D8}"
	ProjectSection(ProjectDependencies) = postProject
	EndProjectSection
EndProject
Project("{8BC9CEB8-8B4A-11D0-8D11-00A0C91BC942}") = "PTypes_Test", "PTypes_Test.vcproj", "{E601864A-2E5B-4F15-A0CD-AAFD07335045}"
	ProjectSection(ProjectDependencies) = postProject
		{62326830-C025-4E9A-8A52-A785535F6572} = {62326830-C025-4E9A-8A52-A785535F6572}
	EndProjectSection
EndProject
Project("{8BC9CEB8-8B4A-11D0-8D11-00A0C91BC942}") = "PTypes_Test_ST", "PTypes_Test_ST.vcproj", "{3495F57B-88B4-4A90-AA10-4B549F743227}"
	ProjectSection(ProjectDependencies) = postProject
		{2236D676-0E09-4BD9-B7D8-934237ADE0D8} = {2236D676-0E09-4BD9-B7D8-934237ADE0D8}
	EndProjectSection
EndProject
Project("{8BC9CEB8-8B4A-11D0-8D11-00A0C91BC942}") = "wshare", "wshare.vcproj", "{E83A19C7-5939-416D-B0C1-24BE2EDF2FDE}"
	ProjectSection(ProjectDependencies) = postProject
		{4D696EC1-675A-47D8-A8B1-8C089A025E17} = {4D696EC1-675A-47D8-A8B1-8C089A025E17}
	EndProjectSection
EndProject
Global
	GlobalSection(SolutionConfiguration) = preSolution
		Debug = Debug
		Release = Release
	EndGlobalSection
	GlobalSection(ProjectConfiguration) = postSolution
		{62326830-C025-4E9A-8A52-A785535F6572}.Debug.ActiveCfg = Debug|Win32
		{62326830-C025-4E9A-8A52-A785535F6572}.Debug.Build.0 = Debug|Win32
		{62326830-C025-4E9A-8A52-A785535F6572}.Release.ActiveCfg = Release|Win32
		{62326830-C025-4E9A-8A52-A785535F6572}.Release.Build.0 = Release|Win32
		{4D696EC1-675A-47D8-A8B1-8C089A025E17}.Debug.ActiveCfg = Debug|Win32
		{4D696EC1-675A-47D8-A8B1-8C089A025E17}.Debug.Build.0 = Debug|Win32
		{4D696EC1-675A-47D8-A8B1-8C089A025E17}.Release.ActiveCfg = Release|Win32
		{4D696EC1-675A-47D8-A8B1-8C089A025E17}.Release.Build.0 = Release|Win32
		{2236D676-0E09-4BD9-B7D8-934237ADE0D8}.Debug.ActiveCfg = Debug|Win32
		{2236D676-0E09-4BD9-B7D8-934237ADE0D8}.Debug.Build.0 = Debug|Win32
		{2236D676-0E09-4BD9-B7D8-934237ADE0D8}.Release.ActiveCfg = Release|Win32
		{2236D676-0E09-4BD9-B7D8-934237ADE0D8}.Release.Build.0 = Release|Win32
		{E601864A-2E5B-4F15-A0CD-AAFD07335045}.Debug.ActiveCfg = Debug|Win32
		{E601864A-2E5B-4F15-A0CD-AAFD07335045}.Debug.Build.0 = Debug|Win32
		{E601864A-2E5B-4F15-A0CD-AAFD07335045}.Release.ActiveCfg = Release|Win32
		{E601864A-2E5B-4F15-A0CD-AAFD07335045}.Release.Build.0 = Release|Win32
		{3495F57B-88B4-4A90-AA10-4B549F743227}.Debug.ActiveCfg = Debug|Win32
		{3495F57B-88B4-4A90-AA10-4B549F743227}.Debug.Build.0 = Debug|Win32
		{3495F57B-88B4-4A90-AA10-4B549F743227}.Release.ActiveCfg = Release|Win32
		{3495F57B-88B4-4A90-AA10-4B549F743227}.Release.Build.0 = Release|Win32
		{E83A19C7-5939-416D-B0C1-24BE2EDF2FDE}.Debug.ActiveCfg = Debug|Win32
		{E83A19C7-5939-416D-B0C1-24BE2EDF2FDE}.Debug.Build.0 = Debug|Win32
		{E83A19C7-5939-416D-B0C1-24BE2EDF2FDE}.Release.ActiveCfg = Release|Win32
		{E83A19C7-5939-416D-B0C1-24BE2EDF2FDE}.Release.Build.0 = Release|Win32
	EndGlobalSection
	GlobalSection(ExtensibilityGlobals) = postSolution
	EndGlobalSection
	GlobalSection(ExtensibilityAddIns) = postSolution
	EndGlobalSection
EndGlobal
