Microsoft Visual Studio Solution File, Format Version 10.00
# Visual C++ Express 2008
Project("{8BC9CEB8-8B4A-11D0-8D11-00A0C91BC942}") = "TheoraVideoPlugin", "TheoraVideoPlugin.vcproj", "{388E4B0F-0860-40C7-8530-FD6F79E7AB3E}"
EndProject
Project("{8BC9CEB8-8B4A-11D0-8D11-00A0C91BC942}") = "Demo_Player", "..\..\demos\player\Demo_Player.vcproj", "{F71CD603-13C3-4131-9E5B-9FC319C01C51}"
	ProjectSection(ProjectDependencies) = postProject
		{388E4B0F-0860-40C7-8530-FD6F79E7AB3E} = {388E4B0F-0860-40C7-8530-FD6F79E7AB3E}
	EndProjectSection
EndProject
Project("{8BC9CEB8-8B4A-11D0-8D11-00A0C91BC942}") = "Demo_OpenAL", "..\..\demos\audio_openal\Demo_OpenAL.vcproj", "{8B773639-91FC-4E61-BA17-DBCF670649FC}"
	ProjectSection(ProjectDependencies) = postProject
		{388E4B0F-0860-40C7-8530-FD6F79E7AB3E} = {388E4B0F-0860-40C7-8530-FD6F79E7AB3E}
	EndProjectSection
EndProject
Global
	GlobalSection(SolutionConfigurationPlatforms) = preSolution
		Debug|Win32 = Debug|Win32
		Release|Win32 = Release|Win32
	EndGlobalSection
	GlobalSection(ProjectConfigurationPlatforms) = postSolution
		{388E4B0F-0860-40C7-8530-FD6F79E7AB3E}.Debug|Win32.ActiveCfg = Debug|Win32
		{388E4B0F-0860-40C7-8530-FD6F79E7AB3E}.Debug|Win32.Build.0 = Debug|Win32
		{388E4B0F-0860-40C7-8530-FD6F79E7AB3E}.Release|Win32.ActiveCfg = Release|Win32
		{388E4B0F-0860-40C7-8530-FD6F79E7AB3E}.Release|Win32.Build.0 = Release|Win32
		{F71CD603-13C3-4131-9E5B-9FC319C01C51}.Debug|Win32.ActiveCfg = Debug|Win32
		{F71CD603-13C3-4131-9E5B-9FC319C01C51}.Debug|Win32.Build.0 = Debug|Win32
		{F71CD603-13C3-4131-9E5B-9FC319C01C51}.Release|Win32.ActiveCfg = Release|Win32
		{F71CD603-13C3-4131-9E5B-9FC319C01C51}.Release|Win32.Build.0 = Release|Win32
		{8B773639-91FC-4E61-BA17-DBCF670649FC}.Debug|Win32.ActiveCfg = Debug|Win32
		{8B773639-91FC-4E61-BA17-DBCF670649FC}.Debug|Win32.Build.0 = Debug|Win32
		{8B773639-91FC-4E61-BA17-DBCF670649FC}.Release|Win32.ActiveCfg = Release|Win32
		{8B773639-91FC-4E61-BA17-DBCF670649FC}.Release|Win32.Build.0 = Release|Win32
	EndGlobalSection
	GlobalSection(SolutionProperties) = preSolution
		HideSolutionNode = FALSE
	EndGlobalSection
EndGlobal
